
Microsoft Visual Studio Solution File, Format Version 12.00
# Visual Studio Version 17
VisualStudioVersion = 17.11.35327.3
MinimumVisualStudioVersion = 10.0.40219.1
Project("{FAE04EC0-301F-11D3-BF4B-00C04F79EFBC}") = "05_aspnet_Livros_ADO", "05_aspnet_Livros_ADO\05_aspnet_Livros_ADO.csproj", "{4D57F79D-A393-4C60-ABEA-D13DD37A039B}"
EndProject
Global
	GlobalSection(SolutionConfigurationPlatforms) = preSolution
		Debug|Any CPU = Debug|Any CPU
		Release|Any CPU = Release|Any CPU
	EndGlobalSection
	GlobalSection(ProjectConfigurationPlatforms) = postSolution
		{4D57F79D-A393-4C60-ABEA-D13DD37A039B}.Debug|Any CPU.ActiveCfg = Debug|Any CPU
		{4D57F79D-A393-4C60-ABEA-D13DD37A039B}.Debug|Any CPU.Build.0 = Debug|Any CPU
		{4D57F79D-A393-4C60-ABEA-D13DD37A039B}.Release|Any CPU.ActiveCfg = Release|Any CPU
		{4D57F79D-A393-4C60-ABEA-D13DD37A039B}.Release|Any CPU.Build.0 = Release|Any CPU
	EndGlobalSection
	GlobalSection(SolutionProperties) = preSolution
		HideSolutionNode = FALSE
	EndGlobalSection
	GlobalSection(ExtensibilityGlobals) = postSolution
		SolutionGuid = {94EF2965-2CD3-4773-8AC4-D193E13BEF79}
	EndGlobalSection
EndGlobal
