
Microsoft Visual Studio Solution File, Format Version 12.00
# Visual Studio Version 17
VisualStudioVersion = 17.11.35327.3
MinimumVisualStudioVersion = 10.0.40219.1
Project("{FAE04EC0-301F-11D3-BF4B-00C04F79EFBC}") = "06_aspnet_Livros_DataSource", "06_aspnet_Livros_DataSource\06_aspnet_Livros_DataSource.csproj", "{490C4970-E766-405F-B4B2-403E191A621C}"
EndProject
Global
	GlobalSection(SolutionConfigurationPlatforms) = preSolution
		Debug|Any CPU = Debug|Any CPU
		Release|Any CPU = Release|Any CPU
	EndGlobalSection
	GlobalSection(ProjectConfigurationPlatforms) = postSolution
		{490C4970-E766-405F-B4B2-403E191A621C}.Debug|Any CPU.ActiveCfg = Debug|Any CPU
		{490C4970-E766-405F-B4B2-403E191A621C}.Debug|Any CPU.Build.0 = Debug|Any CPU
		{490C4970-E766-405F-B4B2-403E191A621C}.Release|Any CPU.ActiveCfg = Release|Any CPU
		{490C4970-E766-405F-B4B2-403E191A621C}.Release|Any CPU.Build.0 = Release|Any CPU
	EndGlobalSection
	GlobalSection(SolutionProperties) = preSolution
		HideSolutionNode = FALSE
	EndGlobalSection
	GlobalSection(ExtensibilityGlobals) = postSolution
		SolutionGuid = {C312A6FB-0B16-4B7E-AC17-F7CCC0A1E1C0}
	EndGlobalSection
EndGlobal
